// !$*UTF8*$!
{
	archiveVersion = 1;
	classes = {
	};
	objectVersion = 55;
	objects = {

/* Begin PBXBuildFile section */
		EC642CA128168BF8008DFE94 /* TipCalculatorApp.swift in Sources */ = {isa = PBXBuildFile; fileRef = EC642CA028168BF8008DFE94 /* TipCalculatorApp.swift */; };
		EC642CA528168BFA008DFE94 /* Assets.xcassets in Resources */ = {isa = PBXBuildFile; fileRef = EC642CA428168BFA008DFE94 /* Assets.xcassets */; };
		EC642CA828168BFA008DFE94 /* Preview Assets.xcassets in Resources */ = {isa = PBXBuildFile; fileRef = EC642CA728168BFA008DFE94 /* Preview Assets.xcassets */; };
		EC642CAA28168BFA008DFE94 /* Persistence.swift in Sources */ = {isa = PBXBuildFile; fileRef = EC642CA928168BFA008DFE94 /* Persistence.swift */; };
		EC642CAD28168BFA008DFE94 /* TipCalculator.xcdatamodeld in Sources */ = {isa = PBXBuildFile; fileRef = EC642CAB28168BFA008DFE94 /* TipCalculator.xcdatamodeld */; };
		EC642CB728168BFA008DFE94 /* TipCalculatorTests.swift in Sources */ = {isa = PBXBuildFile; fileRef = EC642CB628168BFA008DFE94 /* TipCalculatorTests.swift */; };
		EC642CC128168BFA008DFE94 /* TipCalculatorUITests.swift in Sources */ = {isa = PBXBuildFile; fileRef = EC642CC028168BFA008DFE94 /* TipCalculatorUITests.swift */; };
		EC642CC328168BFA008DFE94 /* TipCalculatorUITestsLaunchTests.swift in Sources */ = {isa = PBXBuildFile; fileRef = EC642CC228168BFA008DFE94 /* TipCalculatorUITestsLaunchTests.swift */; };
		EC642CD228168CB0008DFE94 /* CardView.swift in Sources */ = {isa = PBXBuildFile; fileRef = EC642CD128168CB0008DFE94 /* CardView.swift */; };
		EC642CD428168D4E008DFE94 /* ContentView.swift in Sources */ = {isa = PBXBuildFile; fileRef = EC642CD328168D4E008DFE94 /* ContentView.swift */; };
		EC642CD628169C04008DFE94 /* GuestCountView.swift in Sources */ = {isa = PBXBuildFile; fileRef = EC642CD528169C04008DFE94 /* GuestCountView.swift */; };
		ECF47C91282295B5004620C0 /* CTScanText in Frameworks */ = {isa = PBXBuildFile; productRef = ECF47C90282295B5004620C0 /* CTScanText */; };
/* End PBXBuildFile section */

/* Begin PBXContainerItemProxy section */
		EC642CB328168BFA008DFE94 /* PBXContainerItemProxy */ = {
			isa = PBXContainerItemProxy;
			containerPortal = EC642C9528168BF7008DFE94 /* Project object */;
			proxyType = 1;
			remoteGlobalIDString = EC642C9C28168BF8008DFE94;
			remoteInfo = TipCalculator;
		};
		EC642CBD28168BFA008DFE94 /* PBXContainerItemProxy */ = {
			isa = PBXContainerItemProxy;
			containerPortal = EC642C9528168BF7008DFE94 /* Project object */;
			proxyType = 1;
			remoteGlobalIDString = EC642C9C28168BF8008DFE94;
			remoteInfo = TipCalculator;
		};
/* End PBXContainerItemProxy section */

/* Begin PBXFileReference section */
		EC642C9D28168BF8008DFE94 /* TipCalculator.app */ = {isa = PBXFileReference; explicitFileType = wrapper.application; includeInIndex = 0; path = TipCalculator.app; sourceTree = BUILT_PRODUCTS_DIR; };
		EC642CA028168BF8008DFE94 /* TipCalculatorApp.swift */ = {isa = PBXFileReference; lastKnownFileType = sourcecode.swift; path = TipCalculatorApp.swift; sourceTree = "<group>"; };
		EC642CA428168BFA008DFE94 /* Assets.xcassets */ = {isa = PBXFileReference; lastKnownFileType = folder.assetcatalog; path = Assets.xcassets; sourceTree = "<group>"; };
		EC642CA728168BFA008DFE94 /* Preview Assets.xcassets */ = {isa = PBXFileReference; lastKnownFileType = folder.assetcatalog; path = "Preview Assets.xcassets"; sourceTree = "<group>"; };
		EC642CA928168BFA008DFE94 /* Persistence.swift */ = {isa = PBXFileReference; lastKnownFileType = sourcecode.swift; path = Persistence.swift; sourceTree = "<group>"; };
		EC642CAC28168BFA008DFE94 /* TipCalculator.xcdatamodel */ = {isa = PBXFileReference; lastKnownFileType = wrapper.xcdatamodel; path = TipCalculator.xcdatamodel; sourceTree = "<group>"; };
		EC642CB228168BFA008DFE94 /* TipCalculatorTests.xctest */ = {isa = PBXFileReference; explicitFileType = wrapper.cfbundle; includeInIndex = 0; path = TipCalculatorTests.xctest; sourceTree = BUILT_PRODUCTS_DIR; };
		EC642CB628168BFA008DFE94 /* TipCalculatorTests.swift */ = {isa = PBXFileReference; lastKnownFileType = sourcecode.swift; path = TipCalculatorTests.swift; sourceTree = "<group>"; };
		EC642CBC28168BFA008DFE94 /* TipCalculatorUITests.xctest */ = {isa = PBXFileReference; explicitFileType = wrapper.cfbundle; includeInIndex = 0; path = TipCalculatorUITests.xctest; sourceTree = BUILT_PRODUCTS_DIR; };
		EC642CC028168BFA008DFE94 /* TipCalculatorUITests.swift */ = {isa = PBXFileReference; lastKnownFileType = sourcecode.swift; path = TipCalculatorUITests.swift; sourceTree = "<group>"; };
		EC642CC228168BFA008DFE94 /* TipCalculatorUITestsLaunchTests.swift */ = {isa = PBXFileReference; lastKnownFileType = sourcecode.swift; path = TipCalculatorUITestsLaunchTests.swift; sourceTree = "<group>"; };
		EC642CD128168CB0008DFE94 /* CardView.swift */ = {isa = PBXFileReference; lastKnownFileType = sourcecode.swift; path = CardView.swift; sourceTree = "<group>"; };
		EC642CD328168D4E008DFE94 /* ContentView.swift */ = {isa = PBXFileReference; lastKnownFileType = sourcecode.swift; path = ContentView.swift; sourceTree = "<group>"; };
		EC642CD528169C04008DFE94 /* GuestCountView.swift */ = {isa = PBXFileReference; lastKnownFileType = sourcecode.swift; path = GuestCountView.swift; sourceTree = "<group>"; };
/* End PBXFileReference section */

/* Begin PBXFrameworksBuildPhase section */
		EC642C9A28168BF8008DFE94 /* Frameworks */ = {
			isa = PBXFrameworksBuildPhase;
			buildActionMask = 2147483647;
			files = (
				ECF47C91282295B5004620C0 /* CTScanText in Frameworks */,
			);
			runOnlyForDeploymentPostprocessing = 0;
		};
		EC642CAF28168BFA008DFE94 /* Frameworks */ = {
			isa = PBXFrameworksBuildPhase;
			buildActionMask = 2147483647;
			files = (
			);
			runOnlyForDeploymentPostprocessing = 0;
		};
		EC642CB928168BFA008DFE94 /* Frameworks */ = {
			isa = PBXFrameworksBuildPhase;
			buildActionMask = 2147483647;
			files = (
			);
			runOnlyForDeploymentPostprocessing = 0;
		};
/* End PBXFrameworksBuildPhase section */

/* Begin PBXGroup section */
		EC642C9428168BF7008DFE94 = {
			isa = PBXGroup;
			children = (
				EC642C9F28168BF8008DFE94 /* TipCalculator */,
				EC642CB528168BFA008DFE94 /* TipCalculatorTests */,
				EC642CBF28168BFA008DFE94 /* TipCalculatorUITests */,
				EC642C9E28168BF8008DFE94 /* Products */,
			);
			sourceTree = "<group>";
		};
		EC642C9E28168BF8008DFE94 /* Products */ = {
			isa = PBXGroup;
			children = (
				EC642C9D28168BF8008DFE94 /* TipCalculator.app */,
				EC642CB228168BFA008DFE94 /* TipCalculatorTests.xctest */,
				EC642CBC28168BFA008DFE94 /* TipCalculatorUITests.xctest */,
			);
			name = Products;
			sourceTree = "<group>";
		};
		EC642C9F28168BF8008DFE94 /* TipCalculator */ = {
			isa = PBXGroup;
			children = (
				EC642CD7281A47E9008DFE94 /* view */,
				EC642CA028168BF8008DFE94 /* TipCalculatorApp.swift */,
				EC642CD328168D4E008DFE94 /* ContentView.swift */,
				EC642CA428168BFA008DFE94 /* Assets.xcassets */,
				EC642CA928168BFA008DFE94 /* Persistence.swift */,
				EC642CAB28168BFA008DFE94 /* TipCalculator.xcdatamodeld */,
				EC642CA628168BFA008DFE94 /* Preview Content */,
			);
			path = TipCalculator;
			sourceTree = "<group>";
		};
		EC642CA628168BFA008DFE94 /* Preview Content */ = {
			isa = PBXGroup;
			children = (
				EC642CA728168BFA008DFE94 /* Preview Assets.xcassets */,
			);
			path = "Preview Content";
			sourceTree = "<group>";
		};
		EC642CB528168BFA008DFE94 /* TipCalculatorTests */ = {
			isa = PBXGroup;
			children = (
				EC642CB628168BFA008DFE94 /* TipCalculatorTests.swift */,
			);
			path = TipCalculatorTests;
			sourceTree = "<group>";
		};
		EC642CBF28168BFA008DFE94 /* TipCalculatorUITests */ = {
			isa = PBXGroup;
			children = (
				EC642CC028168BFA008DFE94 /* TipCalculatorUITests.swift */,
				EC642CC228168BFA008DFE94 /* TipCalculatorUITestsLaunchTests.swift */,
			);
			path = TipCalculatorUITests;
			sourceTree = "<group>";
		};
		EC642CD7281A47E9008DFE94 /* view */ = {
			isa = PBXGroup;
			children = (
				EC642CD128168CB0008DFE94 /* CardView.swift */,
				EC642CD528169C04008DFE94 /* GuestCountView.swift */,
			);
			path = view;
			sourceTree = "<group>";
		};
/* End PBXGroup section */

/* Begin PBXNativeTarget section */
		EC642C9C28168BF8008DFE94 /* TipCalculator */ = {
			isa = PBXNativeTarget;
			buildConfigurationList = EC642CC628168BFA008DFE94 /* Build configuration list for PBXNativeTarget "TipCalculator" */;
			buildPhases = (
				EC642C9928168BF8008DFE94 /* Sources */,
				EC642C9A28168BF8008DFE94 /* Frameworks */,
				EC642C9B28168BF8008DFE94 /* Resources */,
			);
			buildRules = (
			);
			dependencies = (
			);
			name = TipCalculator;
			packageProductDependencies = (
				ECF47C90282295B5004620C0 /* CTScanText */,
			);
			productName = TipCalculator;
			productReference = EC642C9D28168BF8008DFE94 /* TipCalculator.app */;
			productType = "com.apple.product-type.application";
		};
		EC642CB128168BFA008DFE94 /* TipCalculatorTests */ = {
			isa = PBXNativeTarget;
			buildConfigurationList = EC642CC928168BFA008DFE94 /* Build configuration list for PBXNativeTarget "TipCalculatorTests" */;
			buildPhases = (
				EC642CAE28168BFA008DFE94 /* Sources */,
				EC642CAF28168BFA008DFE94 /* Frameworks */,
				EC642CB028168BFA008DFE94 /* Resources */,
			);
			buildRules = (
			);
			dependencies = (
				EC642CB428168BFA008DFE94 /* PBXTargetDependency */,
			);
			name = TipCalculatorTests;
			productName = TipCalculatorTests;
			productReference = EC642CB228168BFA008DFE94 /* TipCalculatorTests.xctest */;
			productType = "com.apple.product-type.bundle.unit-test";
		};
		EC642CBB28168BFA008DFE94 /* TipCalculatorUITests */ = {
			isa = PBXNativeTarget;
			buildConfigurationList = EC642CCC28168BFA008DFE94 /* Build configuration list for PBXNativeTarget "TipCalculatorUITests" */;
			buildPhases = (
				EC642CB828168BFA008DFE94 /* Sources */,
				EC642CB928168BFA008DFE94 /* Frameworks */,
				EC642CBA28168BFA008DFE94 /* Resources */,
			);
			buildRules = (
			);
			dependencies = (
				EC642CBE28168BFA008DFE94 /* PBXTargetDependency */,
			);
			name = TipCalculatorUITests;
			productName = TipCalculatorUITests;
			productReference = EC642CBC28168BFA008DFE94 /* TipCalculatorUITests.xctest */;
			productType = "com.apple.product-type.bundle.ui-testing";
		};
/* End PBXNativeTarget section */

/* Begin PBXProject section */
		EC642C9528168BF7008DFE94 /* Project object */ = {
			isa = PBXProject;
			attributes = {
				BuildIndependentTargetsInParallel = 1;
				LastSwiftUpdateCheck = 1330;
				LastUpgradeCheck = 1330;
				TargetAttributes = {
					EC642C9C28168BF8008DFE94 = {
						CreatedOnToolsVersion = 13.3;
					};
					EC642CB128168BFA008DFE94 = {
						CreatedOnToolsVersion = 13.3;
						TestTargetID = EC642C9C28168BF8008DFE94;
					};
					EC642CBB28168BFA008DFE94 = {
						CreatedOnToolsVersion = 13.3;
						TestTargetID = EC642C9C28168BF8008DFE94;
					};
				};
			};
			buildConfigurationList = EC642C9828168BF7008DFE94 /* Build configuration list for PBXProject "TipCalculator" */;
			compatibilityVersion = "Xcode 13.0";
			developmentRegion = en;
			hasScannedForEncodings = 0;
			knownRegions = (
				en,
				Base,
			);
			mainGroup = EC642C9428168BF7008DFE94;
			packageReferences = (
				ECF47C8F282295B5004620C0 /* XCRemoteSwiftPackageReference "CTScanText" */,
			);
			productRefGroup = EC642C9E28168BF8008DFE94 /* Products */;
			projectDirPath = "";
			projectRoot = "";
			targets = (
				EC642C9C28168BF8008DFE94 /* TipCalculator */,
				EC642CB128168BFA008DFE94 /* TipCalculatorTests */,
				EC642CBB28168BFA008DFE94 /* TipCalculatorUITests */,
			);
		};
/* End PBXProject section */

/* Begin PBXResourcesBuildPhase section */
		EC642C9B28168BF8008DFE94 /* Resources */ = {
			isa = PBXResourcesBuildPhase;
			buildActionMask = 2147483647;
			files = (
				EC642CA828168BFA008DFE94 /* Preview Assets.xcassets in Resources */,
				EC642CA528168BFA008DFE94 /* Assets.xcassets in Resources */,
			);
			runOnlyForDeploymentPostprocessing = 0;
		};
		EC642CB028168BFA008DFE94 /* Resources */ = {
			isa = PBXResourcesBuildPhase;
			buildActionMask = 2147483647;
			files = (
			);
			runOnlyForDeploymentPostprocessing = 0;
		};
		EC642CBA28168BFA008DFE94 /* Resources */ = {
			isa = PBXResourcesBuildPhase;
			buildActionMask = 2147483647;
			files = (
			);
			runOnlyForDeploymentPostprocessing = 0;
		};
/* End PBXResourcesBuildPhase section */

/* Begin PBXSourcesBuildPhase section */
		EC642C9928168BF8008DFE94 /* Sources */ = {
			isa = PBXSourcesBuildPhase;
			buildActionMask = 2147483647;
			files = (
				EC642CAA28168BFA008DFE94 /* Persistence.swift in Sources */,
				EC642CAD28168BFA008DFE94 /* TipCalculator.xcdatamodeld in Sources */,
				EC642CD428168D4E008DFE94 /* ContentView.swift in Sources */,
				EC642CD628169C04008DFE94 /* GuestCountView.swift in Sources */,
				EC642CA128168BF8008DFE94 /* TipCalculatorApp.swift in Sources */,
				EC642CD228168CB0008DFE94 /* CardView.swift in Sources */,
			);
			runOnlyForDeploymentPostprocessing = 0;
		};
		EC642CAE28168BFA008DFE94 /* Sources */ = {
			isa = PBXSourcesBuildPhase;
			buildActionMask = 2147483647;
			files = (
				EC642CB728168BFA008DFE94 /* TipCalculatorTests.swift in Sources */,
			);
			runOnlyForDeploymentPostprocessing = 0;
		};
		EC642CB828168BFA008DFE94 /* Sources */ = {
			isa = PBXSourcesBuildPhase;
			buildActionMask = 2147483647;
			files = (
				EC642CC328168BFA008DFE94 /* TipCalculatorUITestsLaunchTests.swift in Sources */,
				EC642CC128168BFA008DFE94 /* TipCalculatorUITests.swift in Sources */,
			);
			runOnlyForDeploymentPostprocessing = 0;
		};
/* End PBXSourcesBuildPhase section */

/* Begin PBXTargetDependency section */
		EC642CB428168BFA008DFE94 /* PBXTargetDependency */ = {
			isa = PBXTargetDependency;
			target = EC642C9C28168BF8008DFE94 /* TipCalculator */;
			targetProxy = EC642CB328168BFA008DFE94 /* PBXContainerItemProxy */;
		};
		EC642CBE28168BFA008DFE94 /* PBXTargetDependency */ = {
			isa = PBXTargetDependency;
			target = EC642C9C28168BF8008DFE94 /* TipCalculator */;
			targetProxy = EC642CBD28168BFA008DFE94 /* PBXContainerItemProxy */;
		};
/* End PBXTargetDependency section */

/* Begin XCBuildConfiguration section */
		EC642CC428168BFA008DFE94 /* Debug */ = {
			isa = XCBuildConfiguration;
			buildSettings = {
				ALWAYS_SEARCH_USER_PATHS = NO;
				CLANG_ANALYZER_NONNULL = YES;
				CLANG_ANALYZER_NUMBER_OBJECT_CONVERSION = YES_AGGRESSIVE;
				CLANG_CXX_LANGUAGE_STANDARD = "gnu++17";
				CLANG_ENABLE_MODULES = YES;
				CLANG_ENABLE_OBJC_ARC = YES;
				CLANG_ENABLE_OBJC_WEAK = YES;
				CLANG_WARN_BLOCK_CAPTURE_AUTORELEASING = YES;
				CLANG_WARN_BOOL_CONVERSION = YES;
				CLANG_WARN_COMMA = YES;
				CLANG_WARN_CONSTANT_CONVERSION = YES;
				CLANG_WARN_DEPRECATED_OBJC_IMPLEMENTATIONS = YES;
				CLANG_WARN_DIRECT_OBJC_ISA_USAGE = YES_ERROR;
				CLANG_WARN_DOCUMENTATION_COMMENTS = YES;
				CLANG_WARN_EMPTY_BODY = YES;
				CLANG_WARN_ENUM_CONVERSION = YES;
				CLANG_WARN_INFINITE_RECURSION = YES;
				CLANG_WARN_INT_CONVERSION = YES;
				CLANG_WARN_NON_LITERAL_NULL_CONVERSION = YES;
				CLANG_WARN_OBJC_IMPLICIT_RETAIN_SELF = YES;
				CLANG_WARN_OBJC_LITERAL_CONVERSION = YES;
				CLANG_WARN_OBJC_ROOT_CLASS = YES_ERROR;
				CLANG_WARN_QUOTED_INCLUDE_IN_FRAMEWORK_HEADER = YES;
				CLANG_WARN_RANGE_LOOP_ANALYSIS = YES;
				CLANG_WARN_STRICT_PROTOTYPES = YES;
				CLANG_WARN_SUSPICIOUS_MOVE = YES;
				CLANG_WARN_UNGUARDED_AVAILABILITY = YES_AGGRESSIVE;
				CLANG_WARN_UNREACHABLE_CODE = YES;
				CLANG_WARN__DUPLICATE_METHOD_MATCH = YES;
				COPY_PHASE_STRIP = NO;
				DEBUG_INFORMATION_FORMAT = dwarf;
				ENABLE_STRICT_OBJC_MSGSEND = YES;
				ENABLE_TESTABILITY = YES;
				GCC_C_LANGUAGE_STANDARD = gnu11;
				GCC_DYNAMIC_NO_PIC = NO;
				GCC_NO_COMMON_BLOCKS = YES;
				GCC_OPTIMIZATION_LEVEL = 0;
				GCC_PREPROCESSOR_DEFINITIONS = (
					"DEBUG=1",
					"$(inherited)",
				);
				GCC_WARN_64_TO_32_BIT_CONVERSION = YES;
				GCC_WARN_ABOUT_RETURN_TYPE = YES_ERROR;
				GCC_WARN_UNDECLARED_SELECTOR = YES;
				GCC_WARN_UNINITIALIZED_AUTOS = YES_AGGRESSIVE;
				GCC_WARN_UNUSED_FUNCTION = YES;
				GCC_WARN_UNUSED_VARIABLE = YES;
				IPHONEOS_DEPLOYMENT_TARGET = 15.4;
				MTL_ENABLE_DEBUG_INFO = INCLUDE_SOURCE;
				MTL_FAST_MATH = YES;
				ONLY_ACTIVE_ARCH = YES;
				SDKROOT = iphoneos;
				SWIFT_ACTIVE_COMPILATION_CONDITIONS = DEBUG;
				SWIFT_OPTIMIZATION_LEVEL = "-Onone";
			};
			name = Debug;
		};
		EC642CC528168BFA008DFE94 /* Release */ = {
			isa = XCBuildConfiguration;
			buildSettings = {
				ALWAYS_SEARCH_USER_PATHS = NO;
				CLANG_ANALYZER_NONNULL = YES;
				CLANG_ANALYZER_NUMBER_OBJECT_CONVERSION = YES_AGGRESSIVE;
				CLANG_CXX_LANGUAGE_STANDARD = "gnu++17";
				CLANG_ENABLE_MODULES = YES;
				CLANG_ENABLE_OBJC_ARC = YES;
				CLANG_ENABLE_OBJC_WEAK = YES;
				CLANG_WARN_BLOCK_CAPTURE_AUTORELEASING = YES;
				CLANG_WARN_BOOL_CONVERSION = YES;
				CLANG_WARN_COMMA = YES;
				CLANG_WARN_CONSTANT_CONVERSION = YES;
				CLANG_WARN_DEPRECATED_OBJC_IMPLEMENTATIONS = YES;
				CLANG_WARN_DIRECT_OBJC_ISA_USAGE = YES_ERROR;
				CLANG_WARN_DOCUMENTATION_COMMENTS = YES;
				CLANG_WARN_EMPTY_BODY = YES;
				CLANG_WARN_ENUM_CONVERSION = YES;
				CLANG_WARN_INFINITE_RECURSION = YES;
				CLANG_WARN_INT_CONVERSION = YES;
				CLANG_WARN_NON_LITERAL_NULL_CONVERSION = YES;
				CLANG_WARN_OBJC_IMPLICIT_RETAIN_SELF = YES;
				CLANG_WARN_OBJC_LITERAL_CONVERSION = YES;
				CLANG_WARN_OBJC_ROOT_CLASS = YES_ERROR;
				CLANG_WARN_QUOTED_INCLUDE_IN_FRAMEWORK_HEADER = YES;
				CLANG_WARN_RANGE_LOOP_ANALYSIS = YES;
				CLANG_WARN_STRICT_PROTOTYPES = YES;
				CLANG_WARN_SUSPICIOUS_MOVE = YES;
				CLANG_WARN_UNGUARDED_AVAILABILITY = YES_AGGRESSIVE;
				CLANG_WARN_UNREACHABLE_CODE = YES;
				CLANG_WARN__DUPLICATE_METHOD_MATCH = YES;
				COPY_PHASE_STRIP = NO;
				DEBUG_INFORMATION_FORMAT = "dwarf-with-dsym";
				ENABLE_NS_ASSERTIONS = NO;
				ENABLE_STRICT_OBJC_MSGSEND = YES;
				GCC_C_LANGUAGE_STANDARD = gnu11;
				GCC_NO_COMMON_BLOCKS = YES;
				GCC_WARN_64_TO_32_BIT_CONVERSION = YES;
				GCC_WARN_ABOUT_RETURN_TYPE = YES_ERROR;
				GCC_WARN_UNDECLARED_SELECTOR = YES;
				GCC_WARN_UNINITIALIZED_AUTOS = YES_AGGRESSIVE;
				GCC_WARN_UNUSED_FUNCTION = YES;
				GCC_WARN_UNUSED_VARIABLE = YES;
				IPHONEOS_DEPLOYMENT_TARGET = 15.4;
				MTL_ENABLE_DEBUG_INFO = NO;
				MTL_FAST_MATH = YES;
				SDKROOT = iphoneos;
				SWIFT_COMPILATION_MODE = wholemodule;
				SWIFT_OPTIMIZATION_LEVEL = "-O";
				VALIDATE_PRODUCT = YES;
			};
			name = Release;
		};
		EC642CC728168BFA008DFE94 /* Debug */ = {
			isa = XCBuildConfiguration;
			buildSettings = {
				ASSETCATALOG_COMPILER_APPICON_NAME = AppIcon;
				ASSETCATALOG_COMPILER_GLOBAL_ACCENT_COLOR_NAME = AccentColor;
				CODE_SIGN_STYLE = Automatic;
				CURRENT_PROJECT_VERSION = 1;
				DEVELOPMENT_ASSET_PATHS = "\"TipCalculator/Preview Content\"";
				DEVELOPMENT_TEAM = G9K9MD55MT;
				ENABLE_PREVIEWS = YES;
				GENERATE_INFOPLIST_FILE = YES;
				INFOPLIST_KEY_UIApplicationSceneManifest_Generation = YES;
				INFOPLIST_KEY_UIApplicationSupportsIndirectInputEvents = YES;
				INFOPLIST_KEY_UILaunchScreen_Generation = YES;
				INFOPLIST_KEY_UISupportedInterfaceOrientations_iPad = "UIInterfaceOrientationPortrait UIInterfaceOrientationPortraitUpsideDown UIInterfaceOrientationLandscapeLeft UIInterfaceOrientationLandscapeRight";
				INFOPLIST_KEY_UISupportedInterfaceOrientations_iPhone = "UIInterfaceOrientationPortrait UIInterfaceOrientationLandscapeLeft UIInterfaceOrientationLandscapeRight";
				LD_RUNPATH_SEARCH_PATHS = (
					"$(inherited)",
					"@executable_path/Frameworks",
				);
				MARKETING_VERSION = 1.0;
				PRODUCT_BUNDLE_IDENTIFIER = com.nickysantanotest.TipCalculator;
				PRODUCT_NAME = "$(TARGET_NAME)";
				SWIFT_EMIT_LOC_STRINGS = YES;
				SWIFT_VERSION = 5.0;
				TARGETED_DEVICE_FAMILY = "1,2";
			};
			name = Debug;
		};
		EC642CC828168BFA008DFE94 /* Release */ = {
			isa = XCBuildConfiguration;
			buildSettings = {
				ASSETCATALOG_COMPILER_APPICON_NAME = AppIcon;
				ASSETCATALOG_COMPILER_GLOBAL_ACCENT_COLOR_NAME = AccentColor;
				CODE_SIGN_STYLE = Automatic;
				CURRENT_PROJECT_VERSION = 1;
				DEVELOPMENT_ASSET_PATHS = "\"TipCalculator/Preview Content\"";
				DEVELOPMENT_TEAM = G9K9MD55MT;
				ENABLE_PREVIEWS = YES;
				GENERATE_INFOPLIST_FILE = YES;
				INFOPLIST_KEY_UIApplicationSceneManifest_Generation = YES;
				INFOPLIST_KEY_UIApplicationSupportsIndirectInputEvents = YES;
				INFOPLIST_KEY_UILaunchScreen_Generation = YES;
				INFOPLIST_KEY_UISupportedInterfaceOrientations_iPad = "UIInterfaceOrientationPortrait UIInterfaceOrientationPortraitUpsideDown UIInterfaceOrientationLandscapeLeft UIInterfaceOrientationLandscapeRight";
				INFOPLIST_KEY_UISupportedInterfaceOrientations_iPhone = "UIInterfaceOrientationPortrait UIInterfaceOrientationLandscapeLeft UIInterfaceOrientationLandscapeRight";
				LD_RUNPATH_SEARCH_PATHS = (
					"$(inherited)",
					"@executable_path/Frameworks",
				);
				MARKETING_VERSION = 1.0;
				PRODUCT_BUNDLE_IDENTIFIER = com.nickysantanotest.TipCalculator;
				PRODUCT_NAME = "$(TARGET_NAME)";
				SWIFT_EMIT_LOC_STRINGS = YES;
				SWIFT_VERSION = 5.0;
				TARGETED_DEVICE_FAMILY = "1,2";
			};
			name = Release;
		};
		EC642CCA28168BFA008DFE94 /* Debug */ = {
			isa = XCBuildConfiguration;
			buildSettings = {
				ALWAYS_EMBED_SWIFT_STANDARD_LIBRARIES = YES;
				BUNDLE_LOADER = "$(TEST_HOST)";
				CODE_SIGN_STYLE = Automatic;
				CURRENT_PROJECT_VERSION = 1;
				DEVELOPMENT_TEAM = G9K9MD55MT;
				GENERATE_INFOPLIST_FILE = YES;
				IPHONEOS_DEPLOYMENT_TARGET = 15.4;
				MARKETING_VERSION = 1.0;
				PRODUCT_BUNDLE_IDENTIFIER = com.nickysantanotest.TipCalculatorTests;
				PRODUCT_NAME = "$(TARGET_NAME)";
				SWIFT_EMIT_LOC_STRINGS = NO;
				SWIFT_VERSION = 5.0;
				TARGETED_DEVICE_FAMILY = "1,2";
				TEST_HOST = "$(BUILT_PRODUCTS_DIR)/TipCalculator.app/TipCalculator";
			};
			name = Debug;
		};
		EC642CCB28168BFA008DFE94 /* Release */ = {
			isa = XCBuildConfiguration;
			buildSettings = {
				ALWAYS_EMBED_SWIFT_STANDARD_LIBRARIES = YES;
				BUNDLE_LOADER = "$(TEST_HOST)";
				CODE_SIGN_STYLE = Automatic;
				CURRENT_PROJECT_VERSION = 1;
				DEVELOPMENT_TEAM = G9K9MD55MT;
				GENERATE_INFOPLIST_FILE = YES;
				IPHONEOS_DEPLOYMENT_TARGET = 15.4;
				MARKETING_VERSION = 1.0;
				PRODUCT_BUNDLE_IDENTIFIER = com.nickysantanotest.TipCalculatorTests;
				PRODUCT_NAME = "$(TARGET_NAME)";
				SWIFT_EMIT_LOC_STRINGS = NO;
				SWIFT_VERSION = 5.0;
				TARGETED_DEVICE_FAMILY = "1,2";
				TEST_HOST = "$(BUILT_PRODUCTS_DIR)/TipCalculator.app/TipCalculator";
			};
			name = Release;
		};
		EC642CCD28168BFA008DFE94 /* Debug */ = {
			isa = XCBuildConfiguration;
			buildSettings = {
				ALWAYS_EMBED_SWIFT_STANDARD_LIBRARIES = YES;
				CODE_SIGN_STYLE = Automatic;
				CURRENT_PROJECT_VERSION = 1;
				DEVELOPMENT_TEAM = G9K9MD55MT;
				GENERATE_INFOPLIST_FILE = YES;
				MARKETING_VERSION = 1.0;
				PRODUCT_BUNDLE_IDENTIFIER = com.nickysantanotest.TipCalculatorUITests;
				PRODUCT_NAME = "$(TARGET_NAME)";
				SWIFT_EMIT_LOC_STRINGS = NO;
				SWIFT_VERSION = 5.0;
				TARGETED_DEVICE_FAMILY = "1,2";
				TEST_TARGET_NAME = TipCalculator;
			};
			name = Debug;
		};
		EC642CCE28168BFA008DFE94 /* Release */ = {
			isa = XCBuildConfiguration;
			buildSettings = {
				ALWAYS_EMBED_SWIFT_STANDARD_LIBRARIES = YES;
				CODE_SIGN_STYLE = Automatic;
				CURRENT_PROJECT_VERSION = 1;
				DEVELOPMENT_TEAM = G9K9MD55MT;
				GENERATE_INFOPLIST_FILE = YES;
				MARKETING_VERSION = 1.0;
				PRODUCT_BUNDLE_IDENTIFIER = com.nickysantanotest.TipCalculatorUITests;
				PRODUCT_NAME = "$(TARGET_NAME)";
				SWIFT_EMIT_LOC_STRINGS = NO;
				SWIFT_VERSION = 5.0;
				TARGETED_DEVICE_FAMILY = "1,2";
				TEST_TARGET_NAME = TipCalculator;
			};
			name = Release;
		};
/* End XCBuildConfiguration section */

/* Begin XCConfigurationList section */
		EC642C9828168BF7008DFE94 /* Build configuration list for PBXProject "TipCalculator" */ = {
			isa = XCConfigurationList;
			buildConfigurations = (
				EC642CC428168BFA008DFE94 /* Debug */,
				EC642CC528168BFA008DFE94 /* Release */,
			);
			defaultConfigurationIsVisible = 0;
			defaultConfigurationName = Release;
		};
		EC642CC628168BFA008DFE94 /* Build configuration list for PBXNativeTarget "TipCalculator" */ = {
			isa = XCConfigurationList;
			buildConfigurations = (
				EC642CC728168BFA008DFE94 /* Debug */,
				EC642CC828168BFA008DFE94 /* Release */,
			);
			defaultConfigurationIsVisible = 0;
			defaultConfigurationName = Release;
		};
		EC642CC928168BFA008DFE94 /* Build configuration list for PBXNativeTarget "TipCalculatorTests" */ = {
			isa = XCConfigurationList;
			buildConfigurations = (
				EC642CCA28168BFA008DFE94 /* Debug */,
				EC642CCB28168BFA008DFE94 /* Release */,
			);
			defaultConfigurationIsVisible = 0;
			defaultConfigurationName = Release;
		};
		EC642CCC28168BFA008DFE94 /* Build configuration list for PBXNativeTarget "TipCalculatorUITests" */ = {
			isa = XCConfigurationList;
			buildConfigurations = (
				EC642CCD28168BFA008DFE94 /* Debug */,
				EC642CCE28168BFA008DFE94 /* Release */,
			);
			defaultConfigurationIsVisible = 0;
			defaultConfigurationName = Release;
		};
/* End XCConfigurationList section */

/* Begin XCRemoteSwiftPackageReference section */
		ECF47C8F282295B5004620C0 /* XCRemoteSwiftPackageReference "CTScanText" */ = {
			isa = XCRemoteSwiftPackageReference;
			repositoryURL = "https://github.com/StewartLynch/CTScanText";
			requirement = {
				kind = upToNextMajorVersion;
				minimumVersion = 1.0.0;
			};
		};
/* End XCRemoteSwiftPackageReference section */

/* Begin XCSwiftPackageProductDependency section */
		ECF47C90282295B5004620C0 /* CTScanText */ = {
			isa = XCSwiftPackageProductDependency;
			package = ECF47C8F282295B5004620C0 /* XCRemoteSwiftPackageReference "CTScanText" */;
			productName = CTScanText;
		};
/* End XCSwiftPackageProductDependency section */

/* Begin XCVersionGroup section */
		EC642CAB28168BFA008DFE94 /* TipCalculator.xcdatamodeld */ = {
			isa = XCVersionGroup;
			children = (
				EC642CAC28168BFA008DFE94 /* TipCalculator.xcdatamodel */,
			);
			currentVersion = EC642CAC28168BFA008DFE94 /* TipCalculator.xcdatamodel */;
			path = TipCalculator.xcdatamodeld;
			sourceTree = "<group>";
			versionGroupType = wrapper.xcdatamodel;
		};
/* End XCVersionGroup section */
	};
	rootObject = EC642C9528168BF7008DFE94 /* Project object */;
}
